
Microsoft Visual Studio Solution File, Format Version 12.00
# Visual Studio Version 17
VisualStudioVersion = 17.7.34221.43
MinimumVisualStudioVersion = 10.0.40219.1
Project("{FAE04EC0-301F-11D3-BF4B-00C04F79EFBC}") = "Onboarding Task", "Onboarding Task.csproj", "{C284F5ED-12FF-4AF1-94CD-78577BC5D2F8}"
EndProject
Global
	GlobalSection(SolutionConfigurationPlatforms) = preSolution
		Debug|Any CPU = Debug|Any CPU
		Release|Any CPU = Release|Any CPU
	EndGlobalSection
	GlobalSection(ProjectConfigurationPlatforms) = postSolution
		{C284F5ED-12FF-4AF1-94CD-78577BC5D2F8}.Debug|Any CPU.ActiveCfg = Debug|Any CPU
		{C284F5ED-12FF-4AF1-94CD-78577BC5D2F8}.Debug|Any CPU.Build.0 = Debug|Any CPU
		{C284F5ED-12FF-4AF1-94CD-78577BC5D2F8}.Release|Any CPU.ActiveCfg = Release|Any CPU
		{C284F5ED-12FF-4AF1-94CD-78577BC5D2F8}.Release|Any CPU.Build.0 = Release|Any CPU
	EndGlobalSection
	GlobalSection(SolutionProperties) = preSolution
		HideSolutionNode = FALSE
	EndGlobalSection
	GlobalSection(ExtensibilityGlobals) = postSolution
		SolutionGuid = {68865161-DDF4-43FB-A7A6-35CDBA1F5AB0}
	EndGlobalSection
EndGlobal
